// !$*UTF8*$!
{
	archiveVersion = 1;
	classes = {
	};
	objectVersion = 60;
	objects = {

/* Begin PBXBuildFile section */
		234ABD892B6A2C4E007199E2 /* BuildFile in Sources */ = {isa = PBXBuildFile; };
		234ABD8B2B6A3BBB007199E2 /* BuildFile in Sources */ = {isa = PBXBuildFile; };
		2367639C2B6691DC008C8244 /* BuildFile in Sources */ = {isa = PBXBuildFile; };
		2367639E2B66BF8D008C8244 /* BuildFile in Sources */ = {isa = PBXBuildFile; };
		236763A42B67AE57008C8244 /* BuildFile in Sources */ = {isa = PBXBuildFile; };
		23D682992B7380A400A2036A /* FirebaseManger.swift in Sources */ = {isa = PBXBuildFile; fileRef = 23D682982B7380A400A2036A /* FirebaseManger.swift */; };
		23D682A82B73878A00A2036A /* FirebaseAnalytics in Frameworks */ = {isa = PBXBuildFile; productRef = 23D682A72B73878A00A2036A /* FirebaseAnalytics */; };
		23D682AA2B73878A00A2036A /* FirebaseAnalyticsOnDeviceConversion in Frameworks */ = {isa = PBXBuildFile; productRef = 23D682A92B73878A00A2036A /* FirebaseAnalyticsOnDeviceConversion */; };
		23D682AC2B73878A00A2036A /* FirebaseAnalyticsSwift in Frameworks */ = {isa = PBXBuildFile; productRef = 23D682AB2B73878A00A2036A /* FirebaseAnalyticsSwift */; };
		23D682AE2B73878A00A2036A /* FirebaseAnalyticsWithoutAdIdSupport in Frameworks */ = {isa = PBXBuildFile; productRef = 23D682AD2B73878A00A2036A /* FirebaseAnalyticsWithoutAdIdSupport */; };
		23D682B02B73878A00A2036A /* FirebaseAppCheck in Frameworks */ = {isa = PBXBuildFile; productRef = 23D682AF2B73878A00A2036A /* FirebaseAppCheck */; };
		23D682B22B73878A00A2036A /* FirebaseAppDistribution-Beta in Frameworks */ = {isa = PBXBuildFile; productRef = 23D682B12B73878A00A2036A /* FirebaseAppDistribution-Beta */; };
		23D682B42B73878A00A2036A /* FirebaseAuth in Frameworks */ = {isa = PBXBuildFile; productRef = 23D682B32B73878A00A2036A /* FirebaseAuth */; };
		23D682B62B73878A00A2036A /* FirebaseAuthCombine-Community in Frameworks */ = {isa = PBXBuildFile; productRef = 23D682B52B73878A00A2036A /* FirebaseAuthCombine-Community */; };
		23D682B82B73878A00A2036A /* FirebaseCrashlytics in Frameworks */ = {isa = PBXBuildFile; productRef = 23D682B72B73878A00A2036A /* FirebaseCrashlytics */; };
		23D682BA2B73878A00A2036A /* FirebaseDatabase in Frameworks */ = {isa = PBXBuildFile; productRef = 23D682B92B73878A00A2036A /* FirebaseDatabase */; };
		23D682BC2B73878A00A2036A /* FirebaseDatabaseSwift in Frameworks */ = {isa = PBXBuildFile; productRef = 23D682BB2B73878A00A2036A /* FirebaseDatabaseSwift */; };
		23D682BE2B73878A00A2036A /* FirebaseDynamicLinks in Frameworks */ = {isa = PBXBuildFile; productRef = 23D682BD2B73878A00A2036A /* FirebaseDynamicLinks */; };
		23D682C02B73878A00A2036A /* FirebaseFirestore in Frameworks */ = {isa = PBXBuildFile; productRef = 23D682BF2B73878A00A2036A /* FirebaseFirestore */; };
		23D682C22B73878A00A2036A /* FirebaseFirestoreCombine-Community in Frameworks */ = {isa = PBXBuildFile; productRef = 23D682C12B73878A00A2036A /* FirebaseFirestoreCombine-Community */; };
		23D682C42B73878A00A2036A /* FirebaseFirestoreSwift in Frameworks */ = {isa = PBXBuildFile; productRef = 23D682C32B73878A00A2036A /* FirebaseFirestoreSwift */; };
		23D682C62B73878A00A2036A /* FirebaseFunctions in Frameworks */ = {isa = PBXBuildFile; productRef = 23D682C52B73878A00A2036A /* FirebaseFunctions */; };
		23D682C82B73878A00A2036A /* FirebaseFunctionsCombine-Community in Frameworks */ = {isa = PBXBuildFile; productRef = 23D682C72B73878A00A2036A /* FirebaseFunctionsCombine-Community */; };
		23D682CA2B73878A00A2036A /* FirebaseInAppMessaging-Beta in Frameworks */ = {isa = PBXBuildFile; productRef = 23D682C92B73878A00A2036A /* FirebaseInAppMessaging-Beta */; };
		23D682CC2B73878A00A2036A /* FirebaseInAppMessagingSwift-Beta in Frameworks */ = {isa = PBXBuildFile; productRef = 23D682CB2B73878A00A2036A /* FirebaseInAppMessagingSwift-Beta */; };
		23D682CE2B73878A00A2036A /* FirebaseInstallations in Frameworks */ = {isa = PBXBuildFile; productRef = 23D682CD2B73878A00A2036A /* FirebaseInstallations */; };
		23D682D02B73878A00A2036A /* FirebaseMLModelDownloader in Frameworks */ = {isa = PBXBuildFile; productRef = 23D682CF2B73878A00A2036A /* FirebaseMLModelDownloader */; };
		23D682D22B7389D000A2036A /* FirebaseMessaging in Frameworks */ = {isa = PBXBuildFile; productRef = 23D682D12B7389D000A2036A /* FirebaseMessaging */; };
		23D682D42B738A0200A2036A /* Date.swift in Sources */ = {isa = PBXBuildFile; fileRef = 23D682D32B738A0200A2036A /* Date.swift */; };
		23D682D62B73AEB000A2036A /* FirebaseStorage in Frameworks */ = {isa = PBXBuildFile; productRef = 23D682D52B73AEB000A2036A /* FirebaseStorage */; };
		8E1C76512B7C5E6A00C70E2B /* GoogleService-Info.plist in Resources */ = {isa = PBXBuildFile; fileRef = 8E1C76502B7C5E6A00C70E2B /* GoogleService-Info.plist */; };
		8E874B9F2B00B37200ECEF08 /* SininaCakeApp.swift in Sources */ = {isa = PBXBuildFile; fileRef = 8E874B9E2B00B37200ECEF08 /* SininaCakeApp.swift */; };
		8E874BAD2B00B40D00ECEF08 /* LoginView.swift in Sources */ = {isa = PBXBuildFile; fileRef = 8E874BAC2B00B40D00ECEF08 /* LoginView.swift */; };
		8E874BB42B00B58E00ECEF08 /* CautionView.swift in Sources */ = {isa = PBXBuildFile; fileRef = 8E874BB32B00B58E00ECEF08 /* CautionView.swift */; };
		8E874BB62B00B59800ECEF08 /* OrderView.swift in Sources */ = {isa = PBXBuildFile; fileRef = 8E874BB52B00B59800ECEF08 /* OrderView.swift */; };
		8E874BB82B00B59F00ECEF08 /* ProfileView.swift in Sources */ = {isa = PBXBuildFile; fileRef = 8E874BB72B00B59F00ECEF08 /* ProfileView.swift */; };
		8E874BBE2B00B66F00ECEF08 /* CalendarView.swift in Sources */ = {isa = PBXBuildFile; fileRef = 8E874BBD2B00B66F00ECEF08 /* CalendarView.swift */; };
		8E874BC62B00BBA000ECEF08 /* OrderListView.swift in Sources */ = {isa = PBXBuildFile; fileRef = 8E874BC52B00BBA000ECEF08 /* OrderListView.swift */; };
		8ECB219B2B1DBF81003BF8B0 /* UIFont+.swift in Sources */ = {isa = PBXBuildFile; fileRef = 8ECB219A2B1DBF81003BF8B0 /* UIFont+.swift */; };
		8ECB219E2B1DBF9A003BF8B0 /* UIColor+.swift in Sources */ = {isa = PBXBuildFile; fileRef = 8ECB219D2B1DBF9A003BF8B0 /* UIColor+.swift */; };
		8ECB21A92B1DC00A003BF8B0 /* Pretendard-Medium.otf in Resources */ = {isa = PBXBuildFile; fileRef = 8ECB21A02B1DC00A003BF8B0 /* Pretendard-Medium.otf */; };
		8ECB21AA2B1DC00A003BF8B0 /* Pretendard-Black.otf in Resources */ = {isa = PBXBuildFile; fileRef = 8ECB21A12B1DC00A003BF8B0 /* Pretendard-Black.otf */; };
		8ECB21AB2B1DC00A003BF8B0 /* Pretendard-ExtraLight.otf in Resources */ = {isa = PBXBuildFile; fileRef = 8ECB21A22B1DC00A003BF8B0 /* Pretendard-ExtraLight.otf */; };
		8ECB21AC2B1DC00A003BF8B0 /* Pretendard-ExtraBold.otf in Resources */ = {isa = PBXBuildFile; fileRef = 8ECB21A32B1DC00A003BF8B0 /* Pretendard-ExtraBold.otf */; };
		8ECB21AD2B1DC00A003BF8B0 /* Pretendard-Regular.otf in Resources */ = {isa = PBXBuildFile; fileRef = 8ECB21A42B1DC00A003BF8B0 /* Pretendard-Regular.otf */; };
		8ECB21AE2B1DC00A003BF8B0 /* Pretendard-Thin.otf in Resources */ = {isa = PBXBuildFile; fileRef = 8ECB21A52B1DC00A003BF8B0 /* Pretendard-Thin.otf */; };
		8ECB21AF2B1DC00A003BF8B0 /* Pretendard-Bold.otf in Resources */ = {isa = PBXBuildFile; fileRef = 8ECB21A62B1DC00A003BF8B0 /* Pretendard-Bold.otf */; };
		8ECB21B02B1DC00A003BF8B0 /* Pretendard-SemiBold.otf in Resources */ = {isa = PBXBuildFile; fileRef = 8ECB21A72B1DC00A003BF8B0 /* Pretendard-SemiBold.otf */; };
		8ECB21B12B1DC00A003BF8B0 /* Pretendard-Light.otf in Resources */ = {isa = PBXBuildFile; fileRef = 8ECB21A82B1DC00A003BF8B0 /* Pretendard-Light.otf */; };
		8ECF5FAC2B54C12000D6BCF6 /* CustomButton.swift in Sources */ = {isa = PBXBuildFile; fileRef = 8ECF5FAB2B54C12000D6BCF6 /* CustomButton.swift */; };
		8ECF5FAE2B54C12900D6BCF6 /* CustomText.swift in Sources */ = {isa = PBXBuildFile; fileRef = 8ECF5FAD2B54C12900D6BCF6 /* CustomText.swift */; };
		8ECF5FB12B54C1C300D6BCF6 /* HomeView.swift in Sources */ = {isa = PBXBuildFile; fileRef = 8ECF5FB02B54C1C300D6BCF6 /* HomeView.swift */; };
		8ECF5FB32B54C1CB00D6BCF6 /* ChatView.swift in Sources */ = {isa = PBXBuildFile; fileRef = 8ECF5FB22B54C1CB00D6BCF6 /* ChatView.swift */; };
		8ECF5FB52B54C1FE00D6BCF6 /* OrderDetailView.swift in Sources */ = {isa = PBXBuildFile; fileRef = 8ECF5FB42B54C1FE00D6BCF6 /* OrderDetailView.swift */; };
		8ECF5FB72B54C22800D6BCF6 /* ChatListView.swift in Sources */ = {isa = PBXBuildFile; fileRef = 8ECF5FB62B54C22800D6BCF6 /* ChatListView.swift */; };
		8ECF5FB92B54C3EA00D6BCF6 /* NaverMapAPI.swift in Sources */ = {isa = PBXBuildFile; fileRef = 8ECF5FB82B54C3EA00D6BCF6 /* NaverMapAPI.swift */; };
		8ECF5FBB2B54C42900D6BCF6 /* InstagramAPI.swift in Sources */ = {isa = PBXBuildFile; fileRef = 8ECF5FBA2B54C42900D6BCF6 /* InstagramAPI.swift */; };
		8ECF5FC22B54EE3D00D6BCF6 /* LoginViewModel.swift in Sources */ = {isa = PBXBuildFile; fileRef = 8ECF5FC12B54EE3D00D6BCF6 /* LoginViewModel.swift */; };
		8ECF5FC52B54EE5300D6BCF6 /* HomeViewModel.swift in Sources */ = {isa = PBXBuildFile; fileRef = 8ECF5FC42B54EE5300D6BCF6 /* HomeViewModel.swift */; };
		8ECF5FC82B54EE6F00D6BCF6 /* ChatViewModel.swift in Sources */ = {isa = PBXBuildFile; fileRef = 8ECF5FC72B54EE6F00D6BCF6 /* ChatViewModel.swift */; };
		8ECF5FCB2B54EE8A00D6BCF6 /* CautionViewModel.swift in Sources */ = {isa = PBXBuildFile; fileRef = 8ECF5FCA2B54EE8A00D6BCF6 /* CautionViewModel.swift */; };
		8ECF5FCE2B54EEA400D6BCF6 /* OrderViewModel.swift in Sources */ = {isa = PBXBuildFile; fileRef = 8ECF5FCD2B54EEA400D6BCF6 /* OrderViewModel.swift */; };
		8ECF5FD02B54EEAE00D6BCF6 /* ProfileViewModel.swift in Sources */ = {isa = PBXBuildFile; fileRef = 8ECF5FCF2B54EEAE00D6BCF6 /* ProfileViewModel.swift */; };
		8ECF5FD42B54EEDA00D6BCF6 /* OrderListViewModel.swift in Sources */ = {isa = PBXBuildFile; fileRef = 8ECF5FD32B54EEDA00D6BCF6 /* OrderListViewModel.swift */; };
		8ECF5FD72B54EEFA00D6BCF6 /* OrderDetailViewModel.swift in Sources */ = {isa = PBXBuildFile; fileRef = 8ECF5FD62B54EEFA00D6BCF6 /* OrderDetailViewModel.swift */; };
		8ECF5FD92B54EF0F00D6BCF6 /* CalendarViewModel.swift in Sources */ = {isa = PBXBuildFile; fileRef = 8ECF5FD82B54EF0F00D6BCF6 /* CalendarViewModel.swift */; };
		8ECF5FE02B54EF6300D6BCF6 /* Model.swift in Sources */ = {isa = PBXBuildFile; fileRef = 8ECF5FDF2B54EF6300D6BCF6 /* Model.swift */; };
		8EFA75332B73428000BEDF0C /* FCMServerAPI.swift in Sources */ = {isa = PBXBuildFile; fileRef = 8EFA75322B73428000BEDF0C /* FCMServerAPI.swift */; };
		9A27E6A62B55149E00E7E699 /* OrderStatusView.swift in Sources */ = {isa = PBXBuildFile; fileRef = 9A27E6A52B55149E00E7E699 /* OrderStatusView.swift */; };
		9A27E6A82B5514AC00E7E699 /* OrderStatusViewModel.swift in Sources */ = {isa = PBXBuildFile; fileRef = 9A27E6A72B5514AC00E7E699 /* OrderStatusViewModel.swift */; };
		9A27E6AB2B55153900E7E699 /* CustomerCalendarView.swift in Sources */ = {isa = PBXBuildFile; fileRef = 9A27E6AA2B55153900E7E699 /* CustomerCalendarView.swift */; };
		9A27E6AD2B55154200E7E699 /* CustomerCalendarViewModel.swift in Sources */ = {isa = PBXBuildFile; fileRef = 9A27E6AC2B55154200E7E699 /* CustomerCalendarViewModel.swift */; };
		9A27E6B02B55156000E7E699 /* InstagramView.swift in Sources */ = {isa = PBXBuildFile; fileRef = 9A27E6AF2B55156000E7E699 /* InstagramView.swift */; };
		9A27E6B22B55156C00E7E699 /* InstagramViewModel.swift in Sources */ = {isa = PBXBuildFile; fileRef = 9A27E6B12B55156C00E7E699 /* InstagramViewModel.swift */; };
		9A27E6B52B55158A00E7E699 /* MapView.swift in Sources */ = {isa = PBXBuildFile; fileRef = 9A27E6B42B55158A00E7E699 /* MapView.swift */; };
		9A27E6B72B55159300E7E699 /* MapViewModel.swift in Sources */ = {isa = PBXBuildFile; fileRef = 9A27E6B62B55159300E7E699 /* MapViewModel.swift */; };
		9A27E6B92B55160B00E7E699 /* ManagerOnlyView.swift in Sources */ = {isa = PBXBuildFile; fileRef = 9A27E6B82B55160B00E7E699 /* ManagerOnlyView.swift */; };
		9A27E6BB2B55161700E7E699 /* ManagerOnlyViewModel.swift in Sources */ = {isa = PBXBuildFile; fileRef = 9A27E6BA2B55161700E7E699 /* ManagerOnlyViewModel.swift */; };
		9A27E6C82B56B7F800E7E699 /* KakaoSDK in Frameworks */ = {isa = PBXBuildFile; productRef = 9A27E6C72B56B7F800E7E699 /* KakaoSDK */; };
		9A27E6CA2B56B7F800E7E699 /* KakaoSDKAuth in Frameworks */ = {isa = PBXBuildFile; productRef = 9A27E6C92B56B7F800E7E699 /* KakaoSDKAuth */; };
		9A27E6CC2B56B7F800E7E699 /* KakaoSDKCert in Frameworks */ = {isa = PBXBuildFile; productRef = 9A27E6CB2B56B7F800E7E699 /* KakaoSDKCert */; };
		9A27E6CE2B56B7F800E7E699 /* KakaoSDKCertCore in Frameworks */ = {isa = PBXBuildFile; productRef = 9A27E6CD2B56B7F800E7E699 /* KakaoSDKCertCore */; };
		9A27E6D02B56B7F800E7E699 /* KakaoSDKCommon in Frameworks */ = {isa = PBXBuildFile; productRef = 9A27E6CF2B56B7F800E7E699 /* KakaoSDKCommon */; };
		9A3588602B0227DB00501E60 /* FirebaseAnalytics in Frameworks */ = {isa = PBXBuildFile; productRef = 9A35885F2B0227DB00501E60 /* FirebaseAnalytics */; };
		9A9E9DB42B5917C7001B49EF /* SplashView.swift in Sources */ = {isa = PBXBuildFile; fileRef = 9A9E9DB32B5917C7001B49EF /* SplashView.swift */; };
		9A9E9DB62B5917D3001B49EF /* SplashViewModel.swift in Sources */ = {isa = PBXBuildFile; fileRef = 9A9E9DB52B5917D3001B49EF /* SplashViewModel.swift */; };
		9AA04FFD2B72110D004F671E /* ContainerView.swift in Sources */ = {isa = PBXBuildFile; fileRef = 9AA04FFC2B72110D004F671E /* ContainerView.swift */; };
		9AA04FFF2B72111B004F671E /* ContainerViewModel.swift in Sources */ = {isa = PBXBuildFile; fileRef = 9AA04FFE2B72111B004F671E /* ContainerViewModel.swift */; };
		9AC122FD2B73C6C600DC9A42 /* Assets.xcassets in Resources */ = {isa = PBXBuildFile; fileRef = 9AC122FC2B73C6C600DC9A42 /* Assets.xcassets */; };
		9AC123002B73CBE200DC9A42 /* ChatRoom.swift in Sources */ = {isa = PBXBuildFile; fileRef = 9AC122FE2B73CBE200DC9A42 /* ChatRoom.swift */; };
		9AC123012B73CBE200DC9A42 /* Message.swift in Sources */ = {isa = PBXBuildFile; fileRef = 9AC122FF2B73CBE200DC9A42 /* Message.swift */; };
		9AC123032B73D30C00DC9A42 /* Preview Content in Resources */ = {isa = PBXBuildFile; fileRef = 9AC123022B73D30C00DC9A42 /* Preview Content */; };
		9AC123052B746B9B00DC9A42 /* UIScreen+.swift in Sources */ = {isa = PBXBuildFile; fileRef = 9AC123042B746B9B00DC9A42 /* UIScreen+.swift */; };
		9AEACEAE2B624EE400AE041F /* GoogleSignIn in Frameworks */ = {isa = PBXBuildFile; productRef = 9AEACEAD2B624EE400AE041F /* GoogleSignIn */; };
		9AEACEB02B624EE400AE041F /* GoogleSignInSwift in Frameworks */ = {isa = PBXBuildFile; productRef = 9AEACEAF2B624EE400AE041F /* GoogleSignInSwift */; };
		9AEACEB22B6255DE00AE041F /* Utilities.swift in Sources */ = {isa = PBXBuildFile; fileRef = 9AEACEB12B6255DE00AE041F /* Utilities.swift */; };
		E497138EE1DEF1C9FCAD9516 /* Pods_SininaCake.framework in Frameworks */ = {isa = PBXBuildFile; fileRef = 8FDFC915E1DAA0A5B53229C0 /* Pods_SininaCake.framework */; };
/* End PBXBuildFile section */

/* Begin PBXFileReference section */
		23D682982B7380A400A2036A /* FirebaseManger.swift */ = {isa = PBXFileReference; fileEncoding = 4; lastKnownFileType = sourcecode.swift; path = FirebaseManger.swift; sourceTree = "<group>"; };
		23D682D32B738A0200A2036A /* Date.swift */ = {isa = PBXFileReference; fileEncoding = 4; lastKnownFileType = sourcecode.swift; path = Date.swift; sourceTree = "<group>"; };
		8E1C76502B7C5E6A00C70E2B /* GoogleService-Info.plist */ = {isa = PBXFileReference; fileEncoding = 4; lastKnownFileType = text.plist.xml; name = "GoogleService-Info.plist"; path = "../../../GoogleService-Info.plist"; sourceTree = "<group>"; };
		8E874B9B2B00B37200ECEF08 /* SininaCake.app */ = {isa = PBXFileReference; explicitFileType = wrapper.application; includeInIndex = 0; path = SininaCake.app; sourceTree = BUILT_PRODUCTS_DIR; };
		8E874B9E2B00B37200ECEF08 /* SininaCakeApp.swift */ = {isa = PBXFileReference; lastKnownFileType = sourcecode.swift; path = SininaCakeApp.swift; sourceTree = "<group>"; };
		8E874BAC2B00B40D00ECEF08 /* LoginView.swift */ = {isa = PBXFileReference; lastKnownFileType = sourcecode.swift; path = LoginView.swift; sourceTree = "<group>"; };
		8E874BB32B00B58E00ECEF08 /* CautionView.swift */ = {isa = PBXFileReference; lastKnownFileType = sourcecode.swift; path = CautionView.swift; sourceTree = "<group>"; };
		8E874BB52B00B59800ECEF08 /* OrderView.swift */ = {isa = PBXFileReference; lastKnownFileType = sourcecode.swift; path = OrderView.swift; sourceTree = "<group>"; };
		8E874BB72B00B59F00ECEF08 /* ProfileView.swift */ = {isa = PBXFileReference; lastKnownFileType = sourcecode.swift; path = ProfileView.swift; sourceTree = "<group>"; };
		8E874BBD2B00B66F00ECEF08 /* CalendarView.swift */ = {isa = PBXFileReference; lastKnownFileType = sourcecode.swift; path = CalendarView.swift; sourceTree = "<group>"; };
		8E874BC52B00BBA000ECEF08 /* OrderListView.swift */ = {isa = PBXFileReference; lastKnownFileType = sourcecode.swift; path = OrderListView.swift; sourceTree = "<group>"; };
		8EC21AC02B5906AF00E92DA7 /* SininaCake.entitlements */ = {isa = PBXFileReference; lastKnownFileType = text.plist.entitlements; path = SininaCake.entitlements; sourceTree = "<group>"; };
		8ECB219A2B1DBF81003BF8B0 /* UIFont+.swift */ = {isa = PBXFileReference; lastKnownFileType = sourcecode.swift; path = "UIFont+.swift"; sourceTree = "<group>"; };
		8ECB219D2B1DBF9A003BF8B0 /* UIColor+.swift */ = {isa = PBXFileReference; lastKnownFileType = sourcecode.swift; path = "UIColor+.swift"; sourceTree = "<group>"; };
		8ECB21A02B1DC00A003BF8B0 /* Pretendard-Medium.otf */ = {isa = PBXFileReference; lastKnownFileType = file; path = "Pretendard-Medium.otf"; sourceTree = "<group>"; };
		8ECB21A12B1DC00A003BF8B0 /* Pretendard-Black.otf */ = {isa = PBXFileReference; lastKnownFileType = file; path = "Pretendard-Black.otf"; sourceTree = "<group>"; };
		8ECB21A22B1DC00A003BF8B0 /* Pretendard-ExtraLight.otf */ = {isa = PBXFileReference; lastKnownFileType = file; path = "Pretendard-ExtraLight.otf"; sourceTree = "<group>"; };
		8ECB21A32B1DC00A003BF8B0 /* Pretendard-ExtraBold.otf */ = {isa = PBXFileReference; lastKnownFileType = file; path = "Pretendard-ExtraBold.otf"; sourceTree = "<group>"; };
		8ECB21A42B1DC00A003BF8B0 /* Pretendard-Regular.otf */ = {isa = PBXFileReference; lastKnownFileType = file; path = "Pretendard-Regular.otf"; sourceTree = "<group>"; };
		8ECB21A52B1DC00A003BF8B0 /* Pretendard-Thin.otf */ = {isa = PBXFileReference; lastKnownFileType = file; path = "Pretendard-Thin.otf"; sourceTree = "<group>"; };
		8ECB21A62B1DC00A003BF8B0 /* Pretendard-Bold.otf */ = {isa = PBXFileReference; lastKnownFileType = file; path = "Pretendard-Bold.otf"; sourceTree = "<group>"; };
		8ECB21A72B1DC00A003BF8B0 /* Pretendard-SemiBold.otf */ = {isa = PBXFileReference; lastKnownFileType = file; path = "Pretendard-SemiBold.otf"; sourceTree = "<group>"; };
		8ECB21A82B1DC00A003BF8B0 /* Pretendard-Light.otf */ = {isa = PBXFileReference; lastKnownFileType = file; path = "Pretendard-Light.otf"; sourceTree = "<group>"; };
		8ECB21B22B1DC05E003BF8B0 /* Info.plist */ = {isa = PBXFileReference; lastKnownFileType = text.plist; path = Info.plist; sourceTree = "<group>"; };
		8ECF5FAB2B54C12000D6BCF6 /* CustomButton.swift */ = {isa = PBXFileReference; lastKnownFileType = sourcecode.swift; path = CustomButton.swift; sourceTree = "<group>"; };
		8ECF5FAD2B54C12900D6BCF6 /* CustomText.swift */ = {isa = PBXFileReference; lastKnownFileType = sourcecode.swift; path = CustomText.swift; sourceTree = "<group>"; };
		8ECF5FB02B54C1C300D6BCF6 /* HomeView.swift */ = {isa = PBXFileReference; lastKnownFileType = sourcecode.swift; path = HomeView.swift; sourceTree = "<group>"; };
		8ECF5FB22B54C1CB00D6BCF6 /* ChatView.swift */ = {isa = PBXFileReference; lastKnownFileType = sourcecode.swift; path = ChatView.swift; sourceTree = "<group>"; };
		8ECF5FB42B54C1FE00D6BCF6 /* OrderDetailView.swift */ = {isa = PBXFileReference; lastKnownFileType = sourcecode.swift; path = OrderDetailView.swift; sourceTree = "<group>"; };
		8ECF5FB62B54C22800D6BCF6 /* ChatListView.swift */ = {isa = PBXFileReference; lastKnownFileType = sourcecode.swift; path = ChatListView.swift; sourceTree = "<group>"; };
		8ECF5FB82B54C3EA00D6BCF6 /* NaverMapAPI.swift */ = {isa = PBXFileReference; lastKnownFileType = sourcecode.swift; path = NaverMapAPI.swift; sourceTree = "<group>"; };
		8ECF5FBA2B54C42900D6BCF6 /* InstagramAPI.swift */ = {isa = PBXFileReference; lastKnownFileType = sourcecode.swift; path = InstagramAPI.swift; sourceTree = "<group>"; };
		8ECF5FC12B54EE3D00D6BCF6 /* LoginViewModel.swift */ = {isa = PBXFileReference; lastKnownFileType = sourcecode.swift; path = LoginViewModel.swift; sourceTree = "<group>"; };
		8ECF5FC42B54EE5300D6BCF6 /* HomeViewModel.swift */ = {isa = PBXFileReference; lastKnownFileType = sourcecode.swift; path = HomeViewModel.swift; sourceTree = "<group>"; };
		8ECF5FC72B54EE6F00D6BCF6 /* ChatViewModel.swift */ = {isa = PBXFileReference; lastKnownFileType = sourcecode.swift; path = ChatViewModel.swift; sourceTree = "<group>"; };
		8ECF5FCA2B54EE8A00D6BCF6 /* CautionViewModel.swift */ = {isa = PBXFileReference; lastKnownFileType = sourcecode.swift; path = CautionViewModel.swift; sourceTree = "<group>"; };
		8ECF5FCD2B54EEA400D6BCF6 /* OrderViewModel.swift */ = {isa = PBXFileReference; lastKnownFileType = sourcecode.swift; path = OrderViewModel.swift; sourceTree = "<group>"; };
		8ECF5FCF2B54EEAE00D6BCF6 /* ProfileViewModel.swift */ = {isa = PBXFileReference; lastKnownFileType = sourcecode.swift; path = ProfileViewModel.swift; sourceTree = "<group>"; };
		8ECF5FD32B54EEDA00D6BCF6 /* OrderListViewModel.swift */ = {isa = PBXFileReference; lastKnownFileType = sourcecode.swift; path = OrderListViewModel.swift; sourceTree = "<group>"; };
		8ECF5FD62B54EEFA00D6BCF6 /* OrderDetailViewModel.swift */ = {isa = PBXFileReference; lastKnownFileType = sourcecode.swift; path = OrderDetailViewModel.swift; sourceTree = "<group>"; };
		8ECF5FD82B54EF0F00D6BCF6 /* CalendarViewModel.swift */ = {isa = PBXFileReference; lastKnownFileType = sourcecode.swift; path = CalendarViewModel.swift; sourceTree = "<group>"; };
		8ECF5FDF2B54EF6300D6BCF6 /* Model.swift */ = {isa = PBXFileReference; lastKnownFileType = sourcecode.swift; path = Model.swift; sourceTree = "<group>"; };
		8EFA75302B732E8100BEDF0C /* ApiKeys.xcconfig */ = {isa = PBXFileReference; fileEncoding = 4; lastKnownFileType = text.xcconfig; name = ApiKeys.xcconfig; path = ../../../ApiKeys.xcconfig; sourceTree = "<group>"; };
		8EFA75322B73428000BEDF0C /* FCMServerAPI.swift */ = {isa = PBXFileReference; lastKnownFileType = sourcecode.swift; path = FCMServerAPI.swift; sourceTree = "<group>"; };
		8FDFC915E1DAA0A5B53229C0 /* Pods_SininaCake.framework */ = {isa = PBXFileReference; explicitFileType = wrapper.framework; includeInIndex = 0; path = Pods_SininaCake.framework; sourceTree = BUILT_PRODUCTS_DIR; };
		9A27E6A52B55149E00E7E699 /* OrderStatusView.swift */ = {isa = PBXFileReference; lastKnownFileType = sourcecode.swift; path = OrderStatusView.swift; sourceTree = "<group>"; };
		9A27E6A72B5514AC00E7E699 /* OrderStatusViewModel.swift */ = {isa = PBXFileReference; lastKnownFileType = sourcecode.swift; path = OrderStatusViewModel.swift; sourceTree = "<group>"; };
		9A27E6AA2B55153900E7E699 /* CustomerCalendarView.swift */ = {isa = PBXFileReference; lastKnownFileType = sourcecode.swift; path = CustomerCalendarView.swift; sourceTree = "<group>"; };
		9A27E6AC2B55154200E7E699 /* CustomerCalendarViewModel.swift */ = {isa = PBXFileReference; lastKnownFileType = sourcecode.swift; path = CustomerCalendarViewModel.swift; sourceTree = "<group>"; };
		9A27E6AF2B55156000E7E699 /* InstagramView.swift */ = {isa = PBXFileReference; lastKnownFileType = sourcecode.swift; path = InstagramView.swift; sourceTree = "<group>"; };
		9A27E6B12B55156C00E7E699 /* InstagramViewModel.swift */ = {isa = PBXFileReference; lastKnownFileType = sourcecode.swift; path = InstagramViewModel.swift; sourceTree = "<group>"; };
		9A27E6B42B55158A00E7E699 /* MapView.swift */ = {isa = PBXFileReference; lastKnownFileType = sourcecode.swift; path = MapView.swift; sourceTree = "<group>"; };
		9A27E6B62B55159300E7E699 /* MapViewModel.swift */ = {isa = PBXFileReference; lastKnownFileType = sourcecode.swift; path = MapViewModel.swift; sourceTree = "<group>"; };
		9A27E6B82B55160B00E7E699 /* ManagerOnlyView.swift */ = {isa = PBXFileReference; lastKnownFileType = sourcecode.swift; path = ManagerOnlyView.swift; sourceTree = "<group>"; };
		9A27E6BA2B55161700E7E699 /* ManagerOnlyViewModel.swift */ = {isa = PBXFileReference; lastKnownFileType = sourcecode.swift; path = ManagerOnlyViewModel.swift; sourceTree = "<group>"; };
		9A9E9DB32B5917C7001B49EF /* SplashView.swift */ = {isa = PBXFileReference; lastKnownFileType = sourcecode.swift; path = SplashView.swift; sourceTree = "<group>"; };
		9A9E9DB52B5917D3001B49EF /* SplashViewModel.swift */ = {isa = PBXFileReference; lastKnownFileType = sourcecode.swift; path = SplashViewModel.swift; sourceTree = "<group>"; };
		9AA04FFC2B72110D004F671E /* ContainerView.swift */ = {isa = PBXFileReference; lastKnownFileType = sourcecode.swift; path = ContainerView.swift; sourceTree = "<group>"; };
		9AA04FFE2B72111B004F671E /* ContainerViewModel.swift */ = {isa = PBXFileReference; lastKnownFileType = sourcecode.swift; path = ContainerViewModel.swift; sourceTree = "<group>"; };
		9AC122FC2B73C6C600DC9A42 /* Assets.xcassets */ = {isa = PBXFileReference; lastKnownFileType = folder.assetcatalog; path = Assets.xcassets; sourceTree = "<group>"; };
		9AC122FE2B73CBE200DC9A42 /* ChatRoom.swift */ = {isa = PBXFileReference; fileEncoding = 4; lastKnownFileType = sourcecode.swift; name = ChatRoom.swift; path = SininaCake/Scene/Chat/ChatRoom.swift; sourceTree = SOURCE_ROOT; };
		9AC122FF2B73CBE200DC9A42 /* Message.swift */ = {isa = PBXFileReference; fileEncoding = 4; lastKnownFileType = sourcecode.swift; name = Message.swift; path = SininaCake/Scene/Chat/Message.swift; sourceTree = SOURCE_ROOT; };
		9AC123022B73D30C00DC9A42 /* Preview Content */ = {isa = PBXFileReference; fileEncoding = 4; lastKnownFileType = text; name = "Preview Content"; path = "SininaCake/Preview Content"; sourceTree = SOURCE_ROOT; };
		9AC123042B746B9B00DC9A42 /* UIScreen+.swift */ = {isa = PBXFileReference; lastKnownFileType = sourcecode.swift; path = "UIScreen+.swift"; sourceTree = "<group>"; };
		9AEACEB12B6255DE00AE041F /* Utilities.swift */ = {isa = PBXFileReference; lastKnownFileType = sourcecode.swift; path = Utilities.swift; sourceTree = "<group>"; };
		BAA2E4065EC66C82ADB316C9 /* Pods-SininaCake.release.xcconfig */ = {isa = PBXFileReference; includeInIndex = 1; lastKnownFileType = text.xcconfig; name = "Pods-SininaCake.release.xcconfig"; path = "Target Support Files/Pods-SininaCake/Pods-SininaCake.release.xcconfig"; sourceTree = "<group>"; };
		CA541EC0794A80A883D4C3F9 /* Pods-SininaCake.debug.xcconfig */ = {isa = PBXFileReference; includeInIndex = 1; lastKnownFileType = text.xcconfig; name = "Pods-SininaCake.debug.xcconfig"; path = "Target Support Files/Pods-SininaCake/Pods-SininaCake.debug.xcconfig"; sourceTree = "<group>"; };
/* End PBXFileReference section */

/* Begin PBXFrameworksBuildPhase section */
		8E874B982B00B37200ECEF08 /* Frameworks */ = {
			isa = PBXFrameworksBuildPhase;
			buildActionMask = 2147483647;
			files = (
				23D682C62B73878A00A2036A /* FirebaseFunctions in Frameworks */,
				9A27E6D02B56B7F800E7E699 /* KakaoSDKCommon in Frameworks */,
				23D682B22B73878A00A2036A /* FirebaseAppDistribution-Beta in Frameworks */,
				23D682B62B73878A00A2036A /* FirebaseAuthCombine-Community in Frameworks */,
				9AEACEAE2B624EE400AE041F /* GoogleSignIn in Frameworks */,
				23D682D62B73AEB000A2036A /* FirebaseStorage in Frameworks */,
				23D682C42B73878A00A2036A /* FirebaseFirestoreSwift in Frameworks */,
				23D682C02B73878A00A2036A /* FirebaseFirestore in Frameworks */,
				23D682B82B73878A00A2036A /* FirebaseCrashlytics in Frameworks */,
				9A27E6CA2B56B7F800E7E699 /* KakaoSDKAuth in Frameworks */,
				9A3588602B0227DB00501E60 /* FirebaseAnalytics in Frameworks */,
				23D682B02B73878A00A2036A /* FirebaseAppCheck in Frameworks */,
				9AEACEB02B624EE400AE041F /* GoogleSignInSwift in Frameworks */,
				23D682BA2B73878A00A2036A /* FirebaseDatabase in Frameworks */,
				23D682CA2B73878A00A2036A /* FirebaseInAppMessaging-Beta in Frameworks */,
				23D682AC2B73878A00A2036A /* FirebaseAnalyticsSwift in Frameworks */,
				23D682AE2B73878A00A2036A /* FirebaseAnalyticsWithoutAdIdSupport in Frameworks */,
				23D682C22B73878A00A2036A /* FirebaseFirestoreCombine-Community in Frameworks */,
				9A27E6CC2B56B7F800E7E699 /* KakaoSDKCert in Frameworks */,
				23D682D22B7389D000A2036A /* FirebaseMessaging in Frameworks */,
				23D682D02B73878A00A2036A /* FirebaseMLModelDownloader in Frameworks */,
				23D682B42B73878A00A2036A /* FirebaseAuth in Frameworks */,
				9A27E6CE2B56B7F800E7E699 /* KakaoSDKCertCore in Frameworks */,
				9A27E6C82B56B7F800E7E699 /* KakaoSDK in Frameworks */,
				23D682AA2B73878A00A2036A /* FirebaseAnalyticsOnDeviceConversion in Frameworks */,
				23D682BC2B73878A00A2036A /* FirebaseDatabaseSwift in Frameworks */,
				23D682A82B73878A00A2036A /* FirebaseAnalytics in Frameworks */,
				23D682BE2B73878A00A2036A /* FirebaseDynamicLinks in Frameworks */,
				23D682CE2B73878A00A2036A /* FirebaseInstallations in Frameworks */,
				23D682C82B73878A00A2036A /* FirebaseFunctionsCombine-Community in Frameworks */,
				23D682CC2B73878A00A2036A /* FirebaseInAppMessagingSwift-Beta in Frameworks */,
				E497138EE1DEF1C9FCAD9516 /* Pods_SininaCake.framework in Frameworks */,
			);
			runOnlyForDeploymentPostprocessing = 0;
		};
/* End PBXFrameworksBuildPhase section */

/* Begin PBXGroup section */
		8E874B922B00B37200ECEF08 = {
			isa = PBXGroup;
			children = (
				8E874B9D2B00B37200ECEF08 /* SininaCake */,
				8E874B9C2B00B37200ECEF08 /* Products */,
				DF04FFE9D6F8D13092B126B3 /* Pods */,
				A4966792BB31E9FCD96259A8 /* Frameworks */,
			);
			sourceTree = "<group>";
			usesTabs = 0;
		};
		8E874B9C2B00B37200ECEF08 /* Products */ = {
			isa = PBXGroup;
			children = (
				8E874B9B2B00B37200ECEF08 /* SininaCake.app */,
			);
			name = Products;
			sourceTree = "<group>";
		};
		8E874B9D2B00B37200ECEF08 /* SininaCake */ = {
			isa = PBXGroup;
			children = (
				9AC122FC2B73C6C600DC9A42 /* Assets.xcassets */,
				9AC123022B73D30C00DC9A42 /* Preview Content */,
				8EC21AC02B5906AF00E92DA7 /* SininaCake.entitlements */,
				8E1C76502B7C5E6A00C70E2B /* GoogleService-Info.plist */,
				8EFA75302B732E8100BEDF0C /* ApiKeys.xcconfig */,
				8ECB21B22B1DC05E003BF8B0 /* Info.plist */,
				8E874B9E2B00B37200ECEF08 /* SininaCakeApp.swift */,
				9AEACEB12B6255DE00AE041F /* Utilities.swift */,
				8ECF5FE12B54F58800D6BCF6 /* Model */,
				8ECF5FBC2B54C43600D6BCF6 /* Network */,
				8ECF5FAF2B54C13900D6BCF6 /* CustomObject */,
				8ECB219C2B1DBF89003BF8B0 /* Extension */,
				8ECB219F2B1DBFD2003BF8B0 /* Font */,
				8E874BB02B00B47700ECEF08 /* Scene */,
			);
			path = SininaCake;
			sourceTree = "<group>";
		};
		8E874BB02B00B47700ECEF08 /* Scene */ = {
			isa = PBXGroup;
			children = (
				9AA04FFB2B72109D004F671E /* Container */,
				9A9E9DB72B5917D9001B49EF /* Splash */,
				8ECF5FC32B54EE4200D6BCF6 /* Login */,
				8E874BB12B00B52900ECEF08 /* Manager */,
			);
			path = Scene;
			sourceTree = "<group>";
		};
		8E874BB12B00B52900ECEF08 /* Manager */ = {
			isa = PBXGroup;
			children = (
				8ECF5FD52B54EEE200D6BCF6 /* OrderList */,
				8ECF5FDC2B54EF2C00D6BCF6 /* OrderDetail */,
				8ECF5FDD2B54EF3B00D6BCF6 /* Calendar */,
				8ECF5FDE2B54EF4700D6BCF6 /* ChatList */,
				9A27E6B82B55160B00E7E699 /* ManagerOnlyView.swift */,
				9A27E6BA2B55161700E7E699 /* ManagerOnlyViewModel.swift */,
			);
			path = Manager;
			sourceTree = "<group>";
		};
		8E874BB22B00B53B00ECEF08 /* Customer */ = {
			isa = PBXGroup;
			children = (
				8ECF5FCC2B54EE8F00D6BCF6 /* Caution */,
				8ECF5FD12B54EEB500D6BCF6 /* Order */,
				8ECF5FD22B54EEC200D6BCF6 /* Profile */,
			);
			path = Customer;
			sourceTree = "<group>";
		};
		8ECB219C2B1DBF89003BF8B0 /* Extension */ = {
			isa = PBXGroup;
			children = (
				23D682D32B738A0200A2036A /* Date.swift */,
				8ECB219A2B1DBF81003BF8B0 /* UIFont+.swift */,
				8ECB219D2B1DBF9A003BF8B0 /* UIColor+.swift */,
				9AC123042B746B9B00DC9A42 /* UIScreen+.swift */,
			);
			path = Extension;
			sourceTree = "<group>";
		};
		8ECB219F2B1DBFD2003BF8B0 /* Font */ = {
			isa = PBXGroup;
			children = (
				8ECB21A12B1DC00A003BF8B0 /* Pretendard-Black.otf */,
				8ECB21A62B1DC00A003BF8B0 /* Pretendard-Bold.otf */,
				8ECB21A32B1DC00A003BF8B0 /* Pretendard-ExtraBold.otf */,
				8ECB21A22B1DC00A003BF8B0 /* Pretendard-ExtraLight.otf */,
				8ECB21A82B1DC00A003BF8B0 /* Pretendard-Light.otf */,
				8ECB21A02B1DC00A003BF8B0 /* Pretendard-Medium.otf */,
				8ECB21A42B1DC00A003BF8B0 /* Pretendard-Regular.otf */,
				8ECB21A72B1DC00A003BF8B0 /* Pretendard-SemiBold.otf */,
				8ECB21A52B1DC00A003BF8B0 /* Pretendard-Thin.otf */,
			);
			path = Font;
			sourceTree = "<group>";
		};
		8ECF5FAF2B54C13900D6BCF6 /* CustomObject */ = {
			isa = PBXGroup;
			children = (
				8ECF5FAB2B54C12000D6BCF6 /* CustomButton.swift */,
				8ECF5FAD2B54C12900D6BCF6 /* CustomText.swift */,
			);
			path = CustomObject;
			sourceTree = "<group>";
		};
		8ECF5FBC2B54C43600D6BCF6 /* Network */ = {
			isa = PBXGroup;
			children = (
				8ECF5FB82B54C3EA00D6BCF6 /* NaverMapAPI.swift */,
				8ECF5FBA2B54C42900D6BCF6 /* InstagramAPI.swift */,
				8EFA75322B73428000BEDF0C /* FCMServerAPI.swift */,
			);
			path = Network;
			sourceTree = "<group>";
		};
		8ECF5FC32B54EE4200D6BCF6 /* Login */ = {
			isa = PBXGroup;
			children = (
				23D682982B7380A400A2036A /* FirebaseManger.swift */,
				8E874BAC2B00B40D00ECEF08 /* LoginView.swift */,
				8ECF5FC12B54EE3D00D6BCF6 /* LoginViewModel.swift */,
			);
			path = Login;
			sourceTree = "<group>";
		};
		8ECF5FC62B54EE5B00D6BCF6 /* Home */ = {
			isa = PBXGroup;
			children = (
				9A27E6B32B55157800E7E699 /* Map */,
				9A27E6AE2B55154900E7E699 /* Instagram */,
				9A27E6A92B5514C400E7E699 /* CustomerCalendar */,
				9A27E6A42B55148200E7E699 /* OrderStatus */,
				8ECF5FB02B54C1C300D6BCF6 /* HomeView.swift */,
				8ECF5FC42B54EE5300D6BCF6 /* HomeViewModel.swift */,
			);
			path = Home;
			sourceTree = "<group>";
		};
		8ECF5FC92B54EE7400D6BCF6 /* Chat */ = {
			isa = PBXGroup;
			children = (
				8ECF5FB22B54C1CB00D6BCF6 /* ChatView.swift */,
				9AC122FE2B73CBE200DC9A42 /* ChatRoom.swift */,
				9AC122FF2B73CBE200DC9A42 /* Message.swift */,
				8ECF5FC72B54EE6F00D6BCF6 /* ChatViewModel.swift */,
			);
			path = Chat;
			sourceTree = "<group>";
		};
		8ECF5FCC2B54EE8F00D6BCF6 /* Caution */ = {
			isa = PBXGroup;
			children = (
				8E874BB32B00B58E00ECEF08 /* CautionView.swift */,
				8ECF5FCA2B54EE8A00D6BCF6 /* CautionViewModel.swift */,
			);
			path = Caution;
			sourceTree = "<group>";
		};
		8ECF5FD12B54EEB500D6BCF6 /* Order */ = {
			isa = PBXGroup;
			children = (
				8E874BB52B00B59800ECEF08 /* OrderView.swift */,
				8ECF5FCD2B54EEA400D6BCF6 /* OrderViewModel.swift */,
			);
			path = Order;
			sourceTree = "<group>";
		};
		8ECF5FD22B54EEC200D6BCF6 /* Profile */ = {
			isa = PBXGroup;
			children = (
				8ECF5FCF2B54EEAE00D6BCF6 /* ProfileViewModel.swift */,
				8E874BB72B00B59F00ECEF08 /* ProfileView.swift */,
			);
			path = Profile;
			sourceTree = "<group>";
		};
		8ECF5FD52B54EEE200D6BCF6 /* OrderList */ = {
			isa = PBXGroup;
			children = (
				8E874BC52B00BBA000ECEF08 /* OrderListView.swift */,
				8ECF5FD32B54EEDA00D6BCF6 /* OrderListViewModel.swift */,
			);
			path = OrderList;
			sourceTree = "<group>";
		};
		8ECF5FDC2B54EF2C00D6BCF6 /* OrderDetail */ = {
			isa = PBXGroup;
			children = (
				8ECF5FB42B54C1FE00D6BCF6 /* OrderDetailView.swift */,
				8ECF5FD62B54EEFA00D6BCF6 /* OrderDetailViewModel.swift */,
			);
			path = OrderDetail;
			sourceTree = "<group>";
		};
		8ECF5FDD2B54EF3B00D6BCF6 /* Calendar */ = {
			isa = PBXGroup;
			children = (
				8ECF5FD82B54EF0F00D6BCF6 /* CalendarViewModel.swift */,
				8E874BBD2B00B66F00ECEF08 /* CalendarView.swift */,
			);
			path = Calendar;
			sourceTree = "<group>";
		};
		8ECF5FDE2B54EF4700D6BCF6 /* ChatList */ = {
			isa = PBXGroup;
			children = (
				8ECF5FB62B54C22800D6BCF6 /* ChatListView.swift */,
			);
			path = ChatList;
			sourceTree = "<group>";
		};
		8ECF5FE12B54F58800D6BCF6 /* Model */ = {
			isa = PBXGroup;
			children = (
				8ECF5FDF2B54EF6300D6BCF6 /* Model.swift */,
			);
			path = Model;
			sourceTree = "<group>";
		};
		9A27E6A42B55148200E7E699 /* OrderStatus */ = {
			isa = PBXGroup;
			children = (
				9A27E6A52B55149E00E7E699 /* OrderStatusView.swift */,
				9A27E6A72B5514AC00E7E699 /* OrderStatusViewModel.swift */,
			);
			path = OrderStatus;
			sourceTree = "<group>";
		};
		9A27E6A92B5514C400E7E699 /* CustomerCalendar */ = {
			isa = PBXGroup;
			children = (
				9A27E6AA2B55153900E7E699 /* CustomerCalendarView.swift */,
				9A27E6AC2B55154200E7E699 /* CustomerCalendarViewModel.swift */,
			);
			path = CustomerCalendar;
			sourceTree = "<group>";
		};
		9A27E6AE2B55154900E7E699 /* Instagram */ = {
			isa = PBXGroup;
			children = (
				9A27E6AF2B55156000E7E699 /* InstagramView.swift */,
				9A27E6B12B55156C00E7E699 /* InstagramViewModel.swift */,
			);
			path = Instagram;
			sourceTree = "<group>";
		};
		9A27E6B32B55157800E7E699 /* Map */ = {
			isa = PBXGroup;
			children = (
				9A27E6B42B55158A00E7E699 /* MapView.swift */,
				9A27E6B62B55159300E7E699 /* MapViewModel.swift */,
			);
			path = Map;
			sourceTree = "<group>";
		};
		9A9E9DB72B5917D9001B49EF /* Splash */ = {
			isa = PBXGroup;
			children = (
				9A9E9DB52B5917D3001B49EF /* SplashViewModel.swift */,
				9A9E9DB32B5917C7001B49EF /* SplashView.swift */,
			);
			path = Splash;
			sourceTree = "<group>";
		};
		9AA04FFB2B72109D004F671E /* Container */ = {
			isa = PBXGroup;
			children = (
				9AA04FFC2B72110D004F671E /* ContainerView.swift */,
				9AA04FFE2B72111B004F671E /* ContainerViewModel.swift */,
				8ECF5FC62B54EE5B00D6BCF6 /* Home */,
				8ECF5FC92B54EE7400D6BCF6 /* Chat */,
				8E874BB22B00B53B00ECEF08 /* Customer */,
			);
			path = Container;
			sourceTree = "<group>";
		};
		A4966792BB31E9FCD96259A8 /* Frameworks */ = {
			isa = PBXGroup;
			children = (
				8FDFC915E1DAA0A5B53229C0 /* Pods_SininaCake.framework */,
			);
			name = Frameworks;
			sourceTree = "<group>";
		};
		DF04FFE9D6F8D13092B126B3 /* Pods */ = {
			isa = PBXGroup;
			children = (
				CA541EC0794A80A883D4C3F9 /* Pods-SininaCake.debug.xcconfig */,
				BAA2E4065EC66C82ADB316C9 /* Pods-SininaCake.release.xcconfig */,
			);
			path = Pods;
			sourceTree = "<group>";
		};
/* End PBXGroup section */

/* Begin PBXNativeTarget section */
		8E874B9A2B00B37200ECEF08 /* SininaCake */ = {
			isa = PBXNativeTarget;
			buildConfigurationList = 8E874BA92B00B37400ECEF08 /* Build configuration list for PBXNativeTarget "SininaCake" */;
			buildPhases = (
				87EEBC3D8550A6A2165557BD /* [CP] Check Pods Manifest.lock */,
				8E874B972B00B37200ECEF08 /* Sources */,
				8E874B982B00B37200ECEF08 /* Frameworks */,
				8E874B992B00B37200ECEF08 /* Resources */,
				EA0667FDFC66CB1377954CFB /* [CP] Embed Pods Frameworks */,
			);
			buildRules = (
			);
			dependencies = (
			);
			name = SininaCake;
			packageProductDependencies = (
				9A35885F2B0227DB00501E60 /* FirebaseAnalytics */,
				9A27E6C72B56B7F800E7E699 /* KakaoSDK */,
				9A27E6C92B56B7F800E7E699 /* KakaoSDKAuth */,
				9A27E6CB2B56B7F800E7E699 /* KakaoSDKCert */,
				9A27E6CD2B56B7F800E7E699 /* KakaoSDKCertCore */,
				9A27E6CF2B56B7F800E7E699 /* KakaoSDKCommon */,
				9AEACEAD2B624EE400AE041F /* GoogleSignIn */,
				9AEACEAF2B624EE400AE041F /* GoogleSignInSwift */,
				23D682A72B73878A00A2036A /* FirebaseAnalytics */,
				23D682A92B73878A00A2036A /* FirebaseAnalyticsOnDeviceConversion */,
				23D682AB2B73878A00A2036A /* FirebaseAnalyticsSwift */,
				23D682AD2B73878A00A2036A /* FirebaseAnalyticsWithoutAdIdSupport */,
				23D682AF2B73878A00A2036A /* FirebaseAppCheck */,
				23D682B12B73878A00A2036A /* FirebaseAppDistribution-Beta */,
				23D682B32B73878A00A2036A /* FirebaseAuth */,
				23D682B52B73878A00A2036A /* FirebaseAuthCombine-Community */,
				23D682B72B73878A00A2036A /* FirebaseCrashlytics */,
				23D682B92B73878A00A2036A /* FirebaseDatabase */,
				23D682BB2B73878A00A2036A /* FirebaseDatabaseSwift */,
				23D682BD2B73878A00A2036A /* FirebaseDynamicLinks */,
				23D682BF2B73878A00A2036A /* FirebaseFirestore */,
				23D682C12B73878A00A2036A /* FirebaseFirestoreCombine-Community */,
				23D682C32B73878A00A2036A /* FirebaseFirestoreSwift */,
				23D682C52B73878A00A2036A /* FirebaseFunctions */,
				23D682C72B73878A00A2036A /* FirebaseFunctionsCombine-Community */,
				23D682C92B73878A00A2036A /* FirebaseInAppMessaging-Beta */,
				23D682CB2B73878A00A2036A /* FirebaseInAppMessagingSwift-Beta */,
				23D682CD2B73878A00A2036A /* FirebaseInstallations */,
				23D682CF2B73878A00A2036A /* FirebaseMLModelDownloader */,
				23D682D12B7389D000A2036A /* FirebaseMessaging */,
				23D682D52B73AEB000A2036A /* FirebaseStorage */,
			);
			productName = SininaCake;
			productReference = 8E874B9B2B00B37200ECEF08 /* SininaCake.app */;
			productType = "com.apple.product-type.application";
		};
/* End PBXNativeTarget section */

/* Begin PBXProject section */
		8E874B932B00B37200ECEF08 /* Project object */ = {
			isa = PBXProject;
			attributes = {
				BuildIndependentTargetsInParallel = 1;
				LastSwiftUpdateCheck = 1500;
				LastUpgradeCheck = 1500;
				TargetAttributes = {
					8E874B9A2B00B37200ECEF08 = {
						CreatedOnToolsVersion = 15.0;
					};
				};
			};
			buildConfigurationList = 8E874B962B00B37200ECEF08 /* Build configuration list for PBXProject "SininaCake" */;
			compatibilityVersion = "Xcode 15.0";
			developmentRegion = en;
			hasScannedForEncodings = 0;
			knownRegions = (
				en,
				Base,
			);
			mainGroup = 8E874B922B00B37200ECEF08;
			packageReferences = (
				9A27E6C62B56B7F800E7E699 /* XCRemoteSwiftPackageReference "kakao-ios-sdk" */,
				9AEACEAC2B624EE400AE041F /* XCRemoteSwiftPackageReference "GoogleSignIn-iOS" */,
				23D682A62B73878A00A2036A /* XCRemoteSwiftPackageReference "firebase-ios-sdk" */,
			);
			productRefGroup = 8E874B9C2B00B37200ECEF08 /* Products */;
			projectDirPath = "";
			projectRoot = "";
			targets = (
				8E874B9A2B00B37200ECEF08 /* SininaCake */,
			);
		};
/* End PBXProject section */

/* Begin PBXResourcesBuildPhase section */
		8E874B992B00B37200ECEF08 /* Resources */ = {
			isa = PBXResourcesBuildPhase;
			buildActionMask = 2147483647;
			files = (
				9AC123032B73D30C00DC9A42 /* Preview Content in Resources */,
				8ECB21B02B1DC00A003BF8B0 /* Pretendard-SemiBold.otf in Resources */,
				8ECB21AB2B1DC00A003BF8B0 /* Pretendard-ExtraLight.otf in Resources */,
				8ECB21AF2B1DC00A003BF8B0 /* Pretendard-Bold.otf in Resources */,
				8ECB21AC2B1DC00A003BF8B0 /* Pretendard-ExtraBold.otf in Resources */,
				8E1C76512B7C5E6A00C70E2B /* GoogleService-Info.plist in Resources */,
				9AC122FD2B73C6C600DC9A42 /* Assets.xcassets in Resources */,
				8ECB21B12B1DC00A003BF8B0 /* Pretendard-Light.otf in Resources */,
				8ECB21AE2B1DC00A003BF8B0 /* Pretendard-Thin.otf in Resources */,
				8ECB21AD2B1DC00A003BF8B0 /* Pretendard-Regular.otf in Resources */,
				8ECB21A92B1DC00A003BF8B0 /* Pretendard-Medium.otf in Resources */,
				8ECB21AA2B1DC00A003BF8B0 /* Pretendard-Black.otf in Resources */,
			);
			runOnlyForDeploymentPostprocessing = 0;
		};
/* End PBXResourcesBuildPhase section */

/* Begin PBXShellScriptBuildPhase section */
		87EEBC3D8550A6A2165557BD /* [CP] Check Pods Manifest.lock */ = {
			isa = PBXShellScriptBuildPhase;
			buildActionMask = 2147483647;
			files = (
			);
			inputFileListPaths = (
			);
			inputPaths = (
				"${PODS_PODFILE_DIR_PATH}/Podfile.lock",
				"${PODS_ROOT}/Manifest.lock",
			);
			name = "[CP] Check Pods Manifest.lock";
			outputFileListPaths = (
			);
			outputPaths = (
				"$(DERIVED_FILE_DIR)/Pods-SininaCake-checkManifestLockResult.txt",
			);
			runOnlyForDeploymentPostprocessing = 0;
			shellPath = /bin/sh;
			shellScript = "diff \"${PODS_PODFILE_DIR_PATH}/Podfile.lock\" \"${PODS_ROOT}/Manifest.lock\" > /dev/null\nif [ $? != 0 ] ; then\n    # print error to STDERR\n    echo \"error: The sandbox is not in sync with the Podfile.lock. Run 'pod install' or update your CocoaPods installation.\" >&2\n    exit 1\nfi\n# This output is used by Xcode 'outputs' to avoid re-running this script phase.\necho \"SUCCESS\" > \"${SCRIPT_OUTPUT_FILE_0}\"\n";
			showEnvVarsInLog = 0;
		};
		EA0667FDFC66CB1377954CFB /* [CP] Embed Pods Frameworks */ = {
			isa = PBXShellScriptBuildPhase;
			buildActionMask = 2147483647;
			files = (
			);
			inputFileListPaths = (
				"${PODS_ROOT}/Target Support Files/Pods-SininaCake/Pods-SininaCake-frameworks-${CONFIGURATION}-input-files.xcfilelist",
			);
			name = "[CP] Embed Pods Frameworks";
			outputFileListPaths = (
				"${PODS_ROOT}/Target Support Files/Pods-SininaCake/Pods-SininaCake-frameworks-${CONFIGURATION}-output-files.xcfilelist",
			);
			runOnlyForDeploymentPostprocessing = 0;
			shellPath = /bin/sh;
			shellScript = "\"${PODS_ROOT}/Target Support Files/Pods-SininaCake/Pods-SininaCake-frameworks.sh\"\n";
			showEnvVarsInLog = 0;
		};
/* End PBXShellScriptBuildPhase section */

/* Begin PBXSourcesBuildPhase section */
		8E874B972B00B37200ECEF08 /* Sources */ = {
			isa = PBXSourcesBuildPhase;
			buildActionMask = 2147483647;
			files = (
				8ECF5FC82B54EE6F00D6BCF6 /* ChatViewModel.swift in Sources */,
				8E874BAD2B00B40D00ECEF08 /* LoginView.swift in Sources */,
				8ECF5FB12B54C1C300D6BCF6 /* HomeView.swift in Sources */,
				8ECF5FCB2B54EE8A00D6BCF6 /* CautionViewModel.swift in Sources */,
				8ECF5FC52B54EE5300D6BCF6 /* HomeViewModel.swift in Sources */,
				9A27E6A82B5514AC00E7E699 /* OrderStatusViewModel.swift in Sources */,
				8ECF5FD72B54EEFA00D6BCF6 /* OrderDetailViewModel.swift in Sources */,
				9A27E6B52B55158A00E7E699 /* MapView.swift in Sources */,
				23D682992B7380A400A2036A /* FirebaseManger.swift in Sources */,
				9AC123012B73CBE200DC9A42 /* Message.swift in Sources */,
				9AEACEB22B6255DE00AE041F /* Utilities.swift in Sources */,
				9A9E9DB42B5917C7001B49EF /* SplashView.swift in Sources */,
				8EFA75332B73428000BEDF0C /* FCMServerAPI.swift in Sources */,
				8ECF5FB32B54C1CB00D6BCF6 /* ChatView.swift in Sources */,
				9AC123002B73CBE200DC9A42 /* ChatRoom.swift in Sources */,
				2367639C2B6691DC008C8244 /* BuildFile in Sources */,
				8ECF5FB72B54C22800D6BCF6 /* ChatListView.swift in Sources */,
				9A27E6BB2B55161700E7E699 /* ManagerOnlyViewModel.swift in Sources */,
				8ECF5FBB2B54C42900D6BCF6 /* InstagramAPI.swift in Sources */,
				8E874B9F2B00B37200ECEF08 /* SininaCakeApp.swift in Sources */,
				8ECF5FD42B54EEDA00D6BCF6 /* OrderListViewModel.swift in Sources */,
				9A9E9DB62B5917D3001B49EF /* SplashViewModel.swift in Sources */,
				236763A42B67AE57008C8244 /* BuildFile in Sources */,
				8ECF5FB92B54C3EA00D6BCF6 /* NaverMapAPI.swift in Sources */,
				8ECF5FAC2B54C12000D6BCF6 /* CustomButton.swift in Sources */,
				8E874BB42B00B58E00ECEF08 /* CautionView.swift in Sources */,
				8ECB219B2B1DBF81003BF8B0 /* UIFont+.swift in Sources */,
				234ABD892B6A2C4E007199E2 /* BuildFile in Sources */,
				8E874BBE2B00B66F00ECEF08 /* CalendarView.swift in Sources */,
				8ECF5FCE2B54EEA400D6BCF6 /* OrderViewModel.swift in Sources */,
				9AC123052B746B9B00DC9A42 /* UIScreen+.swift in Sources */,
				9AA04FFF2B72111B004F671E /* ContainerViewModel.swift in Sources */,
				9A27E6AD2B55154200E7E699 /* CustomerCalendarViewModel.swift in Sources */,
				9A27E6B22B55156C00E7E699 /* InstagramViewModel.swift in Sources */,
				9AA04FFD2B72110D004F671E /* ContainerView.swift in Sources */,
				23D682D42B738A0200A2036A /* Date.swift in Sources */,
				9A27E6AB2B55153900E7E699 /* CustomerCalendarView.swift in Sources */,
				2367639E2B66BF8D008C8244 /* BuildFile in Sources */,
				9A27E6A62B55149E00E7E699 /* OrderStatusView.swift in Sources */,
				8E874BC62B00BBA000ECEF08 /* OrderListView.swift in Sources */,
				8ECB219E2B1DBF9A003BF8B0 /* UIColor+.swift in Sources */,
				8E874BB82B00B59F00ECEF08 /* ProfileView.swift in Sources */,
				8E874BB62B00B59800ECEF08 /* OrderView.swift in Sources */,
				8ECF5FAE2B54C12900D6BCF6 /* CustomText.swift in Sources */,
				8ECF5FC22B54EE3D00D6BCF6 /* LoginViewModel.swift in Sources */,
				234ABD8B2B6A3BBB007199E2 /* BuildFile in Sources */,
				8ECF5FE02B54EF6300D6BCF6 /* Model.swift in Sources */,
				9A27E6B02B55156000E7E699 /* InstagramView.swift in Sources */,
				8ECF5FD92B54EF0F00D6BCF6 /* CalendarViewModel.swift in Sources */,
				8ECF5FD02B54EEAE00D6BCF6 /* ProfileViewModel.swift in Sources */,
				8ECF5FB52B54C1FE00D6BCF6 /* OrderDetailView.swift in Sources */,
				9A27E6B92B55160B00E7E699 /* ManagerOnlyView.swift in Sources */,
				9A27E6B72B55159300E7E699 /* MapViewModel.swift in Sources */,
			);
			runOnlyForDeploymentPostprocessing = 0;
		};
/* End PBXSourcesBuildPhase section */

/* Begin XCBuildConfiguration section */
		8E874BA72B00B37400ECEF08 /* Debug */ = {
			isa = XCBuildConfiguration;
			baseConfigurationReference = 8EFA75302B732E8100BEDF0C /* ApiKeys.xcconfig */;
			buildSettings = {
				ALWAYS_SEARCH_USER_PATHS = NO;
				ASSETCATALOG_COMPILER_GENERATE_SWIFT_ASSET_SYMBOL_EXTENSIONS = YES;
				CLANG_ANALYZER_NONNULL = YES;
				CLANG_ANALYZER_NUMBER_OBJECT_CONVERSION = YES_AGGRESSIVE;
				CLANG_CXX_LANGUAGE_STANDARD = "gnu++20";
				CLANG_ENABLE_MODULES = YES;
				CLANG_ENABLE_OBJC_ARC = YES;
				CLANG_ENABLE_OBJC_WEAK = YES;
				CLANG_WARN_BLOCK_CAPTURE_AUTORELEASING = YES;
				CLANG_WARN_BOOL_CONVERSION = YES;
				CLANG_WARN_COMMA = YES;
				CLANG_WARN_CONSTANT_CONVERSION = YES;
				CLANG_WARN_DEPRECATED_OBJC_IMPLEMENTATIONS = YES;
				CLANG_WARN_DIRECT_OBJC_ISA_USAGE = YES_ERROR;
				CLANG_WARN_DOCUMENTATION_COMMENTS = YES;
				CLANG_WARN_EMPTY_BODY = YES;
				CLANG_WARN_ENUM_CONVERSION = YES;
				CLANG_WARN_INFINITE_RECURSION = YES;
				CLANG_WARN_INT_CONVERSION = YES;
				CLANG_WARN_NON_LITERAL_NULL_CONVERSION = YES;
				CLANG_WARN_OBJC_IMPLICIT_RETAIN_SELF = YES;
				CLANG_WARN_OBJC_LITERAL_CONVERSION = YES;
				CLANG_WARN_OBJC_ROOT_CLASS = YES_ERROR;
				CLANG_WARN_QUOTED_INCLUDE_IN_FRAMEWORK_HEADER = YES;
				CLANG_WARN_RANGE_LOOP_ANALYSIS = YES;
				CLANG_WARN_STRICT_PROTOTYPES = YES;
				CLANG_WARN_SUSPICIOUS_MOVE = YES;
				CLANG_WARN_UNGUARDED_AVAILABILITY = YES_AGGRESSIVE;
				CLANG_WARN_UNREACHABLE_CODE = YES;
				CLANG_WARN__DUPLICATE_METHOD_MATCH = YES;
				COPY_PHASE_STRIP = NO;
				DEBUG_INFORMATION_FORMAT = "dwarf-with-dsym";
				ENABLE_STRICT_OBJC_MSGSEND = YES;
				ENABLE_TESTABILITY = YES;
				ENABLE_USER_SCRIPT_SANDBOXING = NO;
				GCC_C_LANGUAGE_STANDARD = gnu17;
				GCC_DYNAMIC_NO_PIC = NO;
				GCC_NO_COMMON_BLOCKS = YES;
				GCC_OPTIMIZATION_LEVEL = 0;
				GCC_PREPROCESSOR_DEFINITIONS = (
					"DEBUG=1",
					"$(inherited)",
				);
				GCC_WARN_64_TO_32_BIT_CONVERSION = YES;
				GCC_WARN_ABOUT_RETURN_TYPE = YES_ERROR;
				GCC_WARN_UNDECLARED_SELECTOR = YES;
				GCC_WARN_UNINITIALIZED_AUTOS = YES_AGGRESSIVE;
				GCC_WARN_UNUSED_FUNCTION = YES;
				GCC_WARN_UNUSED_VARIABLE = YES;
				IPHONEOS_DEPLOYMENT_TARGET = 16.4;
				LOCALIZATION_PREFERS_STRING_CATALOGS = YES;
				MTL_ENABLE_DEBUG_INFO = INCLUDE_SOURCE;
				MTL_FAST_MATH = YES;
				ONLY_ACTIVE_ARCH = YES;
				SDKROOT = iphoneos;
				SWIFT_ACTIVE_COMPILATION_CONDITIONS = "DEBUG $(inherited)";
				SWIFT_OPTIMIZATION_LEVEL = "-Onone";
			};
			name = Debug;
		};
		8E874BA82B00B37400ECEF08 /* Release */ = {
			isa = XCBuildConfiguration;
			baseConfigurationReference = 8EFA75302B732E8100BEDF0C /* ApiKeys.xcconfig */;
			buildSettings = {
				ALWAYS_SEARCH_USER_PATHS = NO;
				ASSETCATALOG_COMPILER_GENERATE_SWIFT_ASSET_SYMBOL_EXTENSIONS = YES;
				CLANG_ANALYZER_NONNULL = YES;
				CLANG_ANALYZER_NUMBER_OBJECT_CONVERSION = YES_AGGRESSIVE;
				CLANG_CXX_LANGUAGE_STANDARD = "gnu++20";
				CLANG_ENABLE_MODULES = YES;
				CLANG_ENABLE_OBJC_ARC = YES;
				CLANG_ENABLE_OBJC_WEAK = YES;
				CLANG_WARN_BLOCK_CAPTURE_AUTORELEASING = YES;
				CLANG_WARN_BOOL_CONVERSION = YES;
				CLANG_WARN_COMMA = YES;
				CLANG_WARN_CONSTANT_CONVERSION = YES;
				CLANG_WARN_DEPRECATED_OBJC_IMPLEMENTATIONS = YES;
				CLANG_WARN_DIRECT_OBJC_ISA_USAGE = YES_ERROR;
				CLANG_WARN_DOCUMENTATION_COMMENTS = YES;
				CLANG_WARN_EMPTY_BODY = YES;
				CLANG_WARN_ENUM_CONVERSION = YES;
				CLANG_WARN_INFINITE_RECURSION = YES;
				CLANG_WARN_INT_CONVERSION = YES;
				CLANG_WARN_NON_LITERAL_NULL_CONVERSION = YES;
				CLANG_WARN_OBJC_IMPLICIT_RETAIN_SELF = YES;
				CLANG_WARN_OBJC_LITERAL_CONVERSION = YES;
				CLANG_WARN_OBJC_ROOT_CLASS = YES_ERROR;
				CLANG_WARN_QUOTED_INCLUDE_IN_FRAMEWORK_HEADER = YES;
				CLANG_WARN_RANGE_LOOP_ANALYSIS = YES;
				CLANG_WARN_STRICT_PROTOTYPES = YES;
				CLANG_WARN_SUSPICIOUS_MOVE = YES;
				CLANG_WARN_UNGUARDED_AVAILABILITY = YES_AGGRESSIVE;
				CLANG_WARN_UNREACHABLE_CODE = YES;
				CLANG_WARN__DUPLICATE_METHOD_MATCH = YES;
				COPY_PHASE_STRIP = NO;
				DEBUG_INFORMATION_FORMAT = "dwarf-with-dsym";
				ENABLE_NS_ASSERTIONS = NO;
				ENABLE_STRICT_OBJC_MSGSEND = YES;
				ENABLE_USER_SCRIPT_SANDBOXING = NO;
				GCC_C_LANGUAGE_STANDARD = gnu17;
				GCC_NO_COMMON_BLOCKS = YES;
				GCC_WARN_64_TO_32_BIT_CONVERSION = YES;
				GCC_WARN_ABOUT_RETURN_TYPE = YES_ERROR;
				GCC_WARN_UNDECLARED_SELECTOR = YES;
				GCC_WARN_UNINITIALIZED_AUTOS = YES_AGGRESSIVE;
				GCC_WARN_UNUSED_FUNCTION = YES;
				GCC_WARN_UNUSED_VARIABLE = YES;
				IPHONEOS_DEPLOYMENT_TARGET = 16.4;
				LOCALIZATION_PREFERS_STRING_CATALOGS = YES;
				MTL_ENABLE_DEBUG_INFO = NO;
				MTL_FAST_MATH = YES;
				SDKROOT = iphoneos;
				SWIFT_COMPILATION_MODE = wholemodule;
				VALIDATE_PRODUCT = YES;
			};
			name = Release;
		};
		8E874BAA2B00B37400ECEF08 /* Debug */ = {
			isa = XCBuildConfiguration;
			baseConfigurationReference = CA541EC0794A80A883D4C3F9 /* Pods-SininaCake.debug.xcconfig */;
			buildSettings = {
				ASSETCATALOG_COMPILER_APPICON_NAME = AppIcon;
				ASSETCATALOG_COMPILER_GLOBAL_ACCENT_COLOR_NAME = AccentColor;
				CODE_SIGN_ENTITLEMENTS = SininaCake/SininaCake.entitlements;
				CODE_SIGN_IDENTITY = "Apple Development";
				"CODE_SIGN_IDENTITY[sdk=iphoneos*]" = "iPhone Developer";
				CODE_SIGN_STYLE = Manual;
				CURRENT_PROJECT_VERSION = 1;
				DEBUG_INFORMATION_FORMAT = "dwarf-with-dsym";
				DEVELOPMENT_ASSET_PATHS = "\"SininaCake/Preview Content\"";
				DEVELOPMENT_TEAM = "";
				"DEVELOPMENT_TEAM[sdk=iphoneos*]" = 2252348JAM;
				ENABLE_PREVIEWS = YES;
				GENERATE_INFOPLIST_FILE = YES;
				INFOPLIST_FILE = SininaCake/Info.plist;
				INFOPLIST_KEY_CFBundleDisplayName = "시니나케이크";
				INFOPLIST_KEY_LSApplicationCategoryType = "public.app-category.lifestyle";
				INFOPLIST_KEY_UIApplicationSceneManifest_Generation = YES;
				INFOPLIST_KEY_UIApplicationSupportsIndirectInputEvents = YES;
				INFOPLIST_KEY_UILaunchScreen_Generation = YES;
				INFOPLIST_KEY_UISupportedInterfaceOrientations = UIInterfaceOrientationPortrait;
				INFOPLIST_KEY_UIUserInterfaceStyle = Light;
				IPHONEOS_DEPLOYMENT_TARGET = 16.4;
				LD_RUNPATH_SEARCH_PATHS = (
					"$(inherited)",
					"@executable_path/Frameworks",
				);
				MARKETING_VERSION = 1.0;
				PRODUCT_BUNDLE_IDENTIFIER = com.sinina.SininaCake;
				PRODUCT_NAME = "$(TARGET_NAME)";
				PROVISIONING_PROFILE_SPECIFIER = "";
				"PROVISIONING_PROFILE_SPECIFIER[sdk=iphoneos*]" = "Sinina Debug";
				SUPPORTED_PLATFORMS = "iphoneos iphonesimulator";
				SUPPORTS_MACCATALYST = NO;
				SUPPORTS_MAC_DESIGNED_FOR_IPHONE_IPAD = NO;
				SUPPORTS_XR_DESIGNED_FOR_IPHONE_IPAD = NO;
				SWIFT_EMIT_LOC_STRINGS = YES;
				SWIFT_VERSION = 5.0;
				TARGETED_DEVICE_FAMILY = "1,2";
			};
			name = Debug;
		};
		8E874BAB2B00B37400ECEF08 /* Release */ = {
			isa = XCBuildConfiguration;
			baseConfigurationReference = BAA2E4065EC66C82ADB316C9 /* Pods-SininaCake.release.xcconfig */;
			buildSettings = {
				ASSETCATALOG_COMPILER_APPICON_NAME = AppIcon;
				ASSETCATALOG_COMPILER_GLOBAL_ACCENT_COLOR_NAME = AccentColor;
				CODE_SIGN_ENTITLEMENTS = SininaCake/SininaCake.entitlements;
				CODE_SIGN_IDENTITY = "Apple Development";
				"CODE_SIGN_IDENTITY[sdk=iphoneos*]" = "iPhone Distribution";
				CODE_SIGN_STYLE = Manual;
				CURRENT_PROJECT_VERSION = 1;
				DEVELOPMENT_ASSET_PATHS = "\"SininaCake/Preview Content\"";
				DEVELOPMENT_TEAM = "";
				"DEVELOPMENT_TEAM[sdk=iphoneos*]" = 2252348JAM;
				ENABLE_PREVIEWS = YES;
				GENERATE_INFOPLIST_FILE = YES;
				INFOPLIST_FILE = SininaCake/Info.plist;
				INFOPLIST_KEY_CFBundleDisplayName = "시니나케이크";
				INFOPLIST_KEY_LSApplicationCategoryType = "public.app-category.lifestyle";
				INFOPLIST_KEY_UIApplicationSceneManifest_Generation = YES;
				INFOPLIST_KEY_UIApplicationSupportsIndirectInputEvents = YES;
				INFOPLIST_KEY_UILaunchScreen_Generation = YES;
				INFOPLIST_KEY_UISupportedInterfaceOrientations = UIInterfaceOrientationPortrait;
				INFOPLIST_KEY_UIUserInterfaceStyle = Light;
				IPHONEOS_DEPLOYMENT_TARGET = 16.4;
				LD_RUNPATH_SEARCH_PATHS = (
					"$(inherited)",
					"@executable_path/Frameworks",
				);
				MARKETING_VERSION = 1.0;
				PRODUCT_BUNDLE_IDENTIFIER = com.sinina.SininaCake;
				PRODUCT_NAME = "$(TARGET_NAME)";
				PROVISIONING_PROFILE_SPECIFIER = "";
				"PROVISIONING_PROFILE_SPECIFIER[sdk=iphoneos*]" = "Sinina Release";
				SUPPORTED_PLATFORMS = "iphoneos iphonesimulator";
				SUPPORTS_MACCATALYST = NO;
				SUPPORTS_MAC_DESIGNED_FOR_IPHONE_IPAD = NO;
				SUPPORTS_XR_DESIGNED_FOR_IPHONE_IPAD = NO;
				SWIFT_EMIT_LOC_STRINGS = YES;
				SWIFT_VERSION = 5.0;
				TARGETED_DEVICE_FAMILY = "1,2";
			};
			name = Release;
		};
/* End XCBuildConfiguration section */

/* Begin XCConfigurationList section */
		8E874B962B00B37200ECEF08 /* Build configuration list for PBXProject "SininaCake" */ = {
			isa = XCConfigurationList;
			buildConfigurations = (
				8E874BA72B00B37400ECEF08 /* Debug */,
				8E874BA82B00B37400ECEF08 /* Release */,
			);
			defaultConfigurationIsVisible = 0;
			defaultConfigurationName = Release;
		};
		8E874BA92B00B37400ECEF08 /* Build configuration list for PBXNativeTarget "SininaCake" */ = {
			isa = XCConfigurationList;
			buildConfigurations = (
				8E874BAA2B00B37400ECEF08 /* Debug */,
				8E874BAB2B00B37400ECEF08 /* Release */,
			);
			defaultConfigurationIsVisible = 0;
			defaultConfigurationName = Release;
		};
/* End XCConfigurationList section */

/* Begin XCRemoteSwiftPackageReference section */
		23D682A62B73878A00A2036A /* XCRemoteSwiftPackageReference "firebase-ios-sdk" */ = {
			isa = XCRemoteSwiftPackageReference;
			repositoryURL = "https://github.com/firebase/firebase-ios-sdk";
			requirement = {
				kind = upToNextMajorVersion;
				minimumVersion = 10.21.0;
			};
		};
		9A27E6C62B56B7F800E7E699 /* XCRemoteSwiftPackageReference "kakao-ios-sdk" */ = {
			isa = XCRemoteSwiftPackageReference;
			repositoryURL = "https://github.com/kakao/kakao-ios-sdk";
			requirement = {
				kind = upToNextMajorVersion;
				minimumVersion = 2.20.0;
			};
		};
		9AEACEAC2B624EE400AE041F /* XCRemoteSwiftPackageReference "GoogleSignIn-iOS" */ = {
			isa = XCRemoteSwiftPackageReference;
			repositoryURL = "https://github.com/google/GoogleSignIn-iOS";
			requirement = {
				kind = upToNextMajorVersion;
				minimumVersion = 7.0.0;
			};
		};
/* End XCRemoteSwiftPackageReference section */

/* Begin XCSwiftPackageProductDependency section */
		23D682A72B73878A00A2036A /* FirebaseAnalytics */ = {
			isa = XCSwiftPackageProductDependency;
			package = 23D682A62B73878A00A2036A /* XCRemoteSwiftPackageReference "firebase-ios-sdk" */;
			productName = FirebaseAnalytics;
		};
		23D682A92B73878A00A2036A /* FirebaseAnalyticsOnDeviceConversion */ = {
			isa = XCSwiftPackageProductDependency;
			package = 23D682A62B73878A00A2036A /* XCRemoteSwiftPackageReference "firebase-ios-sdk" */;
			productName = FirebaseAnalyticsOnDeviceConversion;
		};
		23D682AB2B73878A00A2036A /* FirebaseAnalyticsSwift */ = {
			isa = XCSwiftPackageProductDependency;
			package = 23D682A62B73878A00A2036A /* XCRemoteSwiftPackageReference "firebase-ios-sdk" */;
			productName = FirebaseAnalyticsSwift;
		};
		23D682AD2B73878A00A2036A /* FirebaseAnalyticsWithoutAdIdSupport */ = {
			isa = XCSwiftPackageProductDependency;
			package = 23D682A62B73878A00A2036A /* XCRemoteSwiftPackageReference "firebase-ios-sdk" */;
			productName = FirebaseAnalyticsWithoutAdIdSupport;
		};
		23D682AF2B73878A00A2036A /* FirebaseAppCheck */ = {
			isa = XCSwiftPackageProductDependency;
			package = 23D682A62B73878A00A2036A /* XCRemoteSwiftPackageReference "firebase-ios-sdk" */;
			productName = FirebaseAppCheck;
		};
		23D682B12B73878A00A2036A /* FirebaseAppDistribution-Beta */ = {
			isa = XCSwiftPackageProductDependency;
			package = 23D682A62B73878A00A2036A /* XCRemoteSwiftPackageReference "firebase-ios-sdk" */;
			productName = "FirebaseAppDistribution-Beta";
		};
		23D682B32B73878A00A2036A /* FirebaseAuth */ = {
			isa = XCSwiftPackageProductDependency;
			package = 23D682A62B73878A00A2036A /* XCRemoteSwiftPackageReference "firebase-ios-sdk" */;
			productName = FirebaseAuth;
		};
		23D682B52B73878A00A2036A /* FirebaseAuthCombine-Community */ = {
			isa = XCSwiftPackageProductDependency;
			package = 23D682A62B73878A00A2036A /* XCRemoteSwiftPackageReference "firebase-ios-sdk" */;
			productName = "FirebaseAuthCombine-Community";
		};
		23D682B72B73878A00A2036A /* FirebaseCrashlytics */ = {
			isa = XCSwiftPackageProductDependency;
			package = 23D682A62B73878A00A2036A /* XCRemoteSwiftPackageReference "firebase-ios-sdk" */;
			productName = FirebaseCrashlytics;
		};
		23D682B92B73878A00A2036A /* FirebaseDatabase */ = {
			isa = XCSwiftPackageProductDependency;
			package = 23D682A62B73878A00A2036A /* XCRemoteSwiftPackageReference "firebase-ios-sdk" */;
			productName = FirebaseDatabase;
		};
		23D682BB2B73878A00A2036A /* FirebaseDatabaseSwift */ = {
			isa = XCSwiftPackageProductDependency;
			package = 23D682A62B73878A00A2036A /* XCRemoteSwiftPackageReference "firebase-ios-sdk" */;
			productName = FirebaseDatabaseSwift;
		};
		23D682BD2B73878A00A2036A /* FirebaseDynamicLinks */ = {
			isa = XCSwiftPackageProductDependency;
			package = 23D682A62B73878A00A2036A /* XCRemoteSwiftPackageReference "firebase-ios-sdk" */;
			productName = FirebaseDynamicLinks;
		};
		23D682BF2B73878A00A2036A /* FirebaseFirestore */ = {
			isa = XCSwiftPackageProductDependency;
			package = 23D682A62B73878A00A2036A /* XCRemoteSwiftPackageReference "firebase-ios-sdk" */;
			productName = FirebaseFirestore;
		};
		23D682C12B73878A00A2036A /* FirebaseFirestoreCombine-Community */ = {
			isa = XCSwiftPackageProductDependency;
			package = 23D682A62B73878A00A2036A /* XCRemoteSwiftPackageReference "firebase-ios-sdk" */;
			productName = "FirebaseFirestoreCombine-Community";
		};
		23D682C32B73878A00A2036A /* FirebaseFirestoreSwift */ = {
			isa = XCSwiftPackageProductDependency;
			package = 23D682A62B73878A00A2036A /* XCRemoteSwiftPackageReference "firebase-ios-sdk" */;
			productName = FirebaseFirestoreSwift;
		};
		23D682C52B73878A00A2036A /* FirebaseFunctions */ = {
			isa = XCSwiftPackageProductDependency;
			package = 23D682A62B73878A00A2036A /* XCRemoteSwiftPackageReference "firebase-ios-sdk" */;
			productName = FirebaseFunctions;
		};
		23D682C72B73878A00A2036A /* FirebaseFunctionsCombine-Community */ = {
			isa = XCSwiftPackageProductDependency;
			package = 23D682A62B73878A00A2036A /* XCRemoteSwiftPackageReference "firebase-ios-sdk" */;
			productName = "FirebaseFunctionsCombine-Community";
		};
		23D682C92B73878A00A2036A /* FirebaseInAppMessaging-Beta */ = {
			isa = XCSwiftPackageProductDependency;
			package = 23D682A62B73878A00A2036A /* XCRemoteSwiftPackageReference "firebase-ios-sdk" */;
			productName = "FirebaseInAppMessaging-Beta";
		};
		23D682CB2B73878A00A2036A /* FirebaseInAppMessagingSwift-Beta */ = {
			isa = XCSwiftPackageProductDependency;
			package = 23D682A62B73878A00A2036A /* XCRemoteSwiftPackageReference "firebase-ios-sdk" */;
			productName = "FirebaseInAppMessagingSwift-Beta";
		};
		23D682CD2B73878A00A2036A /* FirebaseInstallations */ = {
			isa = XCSwiftPackageProductDependency;
			package = 23D682A62B73878A00A2036A /* XCRemoteSwiftPackageReference "firebase-ios-sdk" */;
			productName = FirebaseInstallations;
		};
		23D682CF2B73878A00A2036A /* FirebaseMLModelDownloader */ = {
			isa = XCSwiftPackageProductDependency;
			package = 23D682A62B73878A00A2036A /* XCRemoteSwiftPackageReference "firebase-ios-sdk" */;
			productName = FirebaseMLModelDownloader;
		};
		23D682D12B7389D000A2036A /* FirebaseMessaging */ = {
			isa = XCSwiftPackageProductDependency;
			package = 23D682A62B73878A00A2036A /* XCRemoteSwiftPackageReference "firebase-ios-sdk" */;
			productName = FirebaseMessaging;
		};
		23D682D52B73AEB000A2036A /* FirebaseStorage */ = {
			isa = XCSwiftPackageProductDependency;
			package = 23D682A62B73878A00A2036A /* XCRemoteSwiftPackageReference "firebase-ios-sdk" */;
			productName = FirebaseStorage;
		};
		9A27E6C72B56B7F800E7E699 /* KakaoSDK */ = {
			isa = XCSwiftPackageProductDependency;
			package = 9A27E6C62B56B7F800E7E699 /* XCRemoteSwiftPackageReference "kakao-ios-sdk" */;
			productName = KakaoSDK;
		};
		9A27E6C92B56B7F800E7E699 /* KakaoSDKAuth */ = {
			isa = XCSwiftPackageProductDependency;
			package = 9A27E6C62B56B7F800E7E699 /* XCRemoteSwiftPackageReference "kakao-ios-sdk" */;
			productName = KakaoSDKAuth;
		};
		9A27E6CB2B56B7F800E7E699 /* KakaoSDKCert */ = {
			isa = XCSwiftPackageProductDependency;
			package = 9A27E6C62B56B7F800E7E699 /* XCRemoteSwiftPackageReference "kakao-ios-sdk" */;
			productName = KakaoSDKCert;
		};
		9A27E6CD2B56B7F800E7E699 /* KakaoSDKCertCore */ = {
			isa = XCSwiftPackageProductDependency;
			package = 9A27E6C62B56B7F800E7E699 /* XCRemoteSwiftPackageReference "kakao-ios-sdk" */;
			productName = KakaoSDKCertCore;
		};
		9A27E6CF2B56B7F800E7E699 /* KakaoSDKCommon */ = {
			isa = XCSwiftPackageProductDependency;
			package = 9A27E6C62B56B7F800E7E699 /* XCRemoteSwiftPackageReference "kakao-ios-sdk" */;
			productName = KakaoSDKCommon;
		};
		9A35885F2B0227DB00501E60 /* FirebaseAnalytics */ = {
			isa = XCSwiftPackageProductDependency;
			productName = FirebaseAnalytics;
		};
		9AEACEAD2B624EE400AE041F /* GoogleSignIn */ = {
			isa = XCSwiftPackageProductDependency;
			package = 9AEACEAC2B624EE400AE041F /* XCRemoteSwiftPackageReference "GoogleSignIn-iOS" */;
			productName = GoogleSignIn;
		};
		9AEACEAF2B624EE400AE041F /* GoogleSignInSwift */ = {
			isa = XCSwiftPackageProductDependency;
			package = 9AEACEAC2B624EE400AE041F /* XCRemoteSwiftPackageReference "GoogleSignIn-iOS" */;
			productName = GoogleSignInSwift;
		};
/* End XCSwiftPackageProductDependency section */
	};
	rootObject = 8E874B932B00B37200ECEF08 /* Project object */;
}
